<?xml version="1.0" encoding="UTF-8"?>
<CONFIG>
  <ProjectOptions>
    <Version Value="12"/>
    <PathDelim Value="\"/>
    <General>
      <Flags>
        <MainUnitHasUsesSectionForAllUnits Value="False"/>
        <MainUnitHasCreateFormStatements Value="False"/>
        <MainUnitHasTitleStatement Value="False"/>
        <CompatibilityMode Value="True"/>
      </Flags>
      <SessionStorage Value="InProjectDir"/>
      <Title Value="BSArch"/>
      <Scaled Value="True"/>
      <ResourceType Value="res"/>
      <UseXPManifest Value="True"/>
      <XPManifest>
        <DpiAware Value="True"/>
      </XPManifest>
      <Icon Value="0"/>
    </General>
    <VersionInfo>
      <UseVersionInfo Value="True"/>
      <MajorVersionNr Value="1"/>
      <MinorVersionNr Value="0"/>
      <RevisionNr Value="0"/>
      <BuildNr Value="0"/>
      <StringTable FileDescription="BSArch" FileVersion="1.0.0.0" ProductName="BSArch" ProductVersion="1.0.0.0"/>
    </VersionInfo>
    <BuildModes Count="4">
      <Item1 Name="Base" Default="True">
        <CompilerOptions>
          <Version Value="11"/>
          <PathDelim Value="\"/>
          <Target>
            <Filename Value=".\Build\BSArch"/>
          </Target>
          <SearchPaths>
            <IncludeFiles Value="$(ProjOutDir);.\External\libdeflate-pas;.\External\lz4-delphi;.\Core;.\BSArch"/>
            <OtherUnitFiles Value=".\External\libdeflate-pas;.\External\lz4-delphi;.\Core;.\BSArch"/>
            <UnitOutputDirectory Value="lib\$(TargetCPU)-$(TargetOS)"/>
          </SearchPaths>
          <Parsing>
            <SyntaxOptions>
              <SyntaxMode Value="Delphi"/>
            </SyntaxOptions>
          </Parsing>
          <CodeGeneration>
            <SmartLinkUnit Value="True"/>
            <TargetCPU Value="x86_64"/>
            <TargetOS Value="win64"/>
            <Optimizations>
              <OptimizationLevel Value="3"/>
            </Optimizations>
          </CodeGeneration>
          <Linking>
            <Debugging>
              <GenerateDebugInfo Value="True"/>
              <UseLineInfoUnit Value="True"/>
            </Debugging>
            <LinkSmart Value="True"/>
            <Options>
              <Win32>
                <GraphicApplication Value="False"/>
              </Win32>
            </Options>
          </Linking>
          <Other>
            <CustomOptions Value="-dEH_NO_VERSION -dNX_EXCEPTION_LOG_IN_APP_FOLDER"/>
          </Other>
        </CompilerOptions>
      </Item1>
      <Item2 Name="Release">
        <CompilerOptions>
          <Version Value="11"/>
          <PathDelim Value="\"/>
          <Target>
            <Filename Value=".\Build\BSArch"/>
          </Target>
          <SearchPaths>
            <IncludeFiles Value="$(ProjOutDir);.\External\libdeflate-pas;.\External\lz4-delphi;.\Core;.\BSArch"/>
            <OtherUnitFiles Value=".\External\libdeflate-pas;.\External\lz4-delphi;.\Core;.\BSArch"/>
            <UnitOutputDirectory Value="lib\$(TargetCPU)-$(TargetOS)"/>
          </SearchPaths>
          <Parsing>
            <SyntaxOptions>
              <SyntaxMode Value="Delphi"/>
            </SyntaxOptions>
          </Parsing>
          <CodeGeneration>
            <SmartLinkUnit Value="True"/>
            <TargetCPU Value="x86_64"/>
            <TargetOS Value="win64"/>
            <Optimizations>
              <OptimizationLevel Value="3"/>
            </Optimizations>
          </CodeGeneration>
          <Linking>
            <Debugging>
              <GenerateDebugInfo Value="True"/>
              <UseLineInfoUnit Value="True"/>
              <StripSymbols Value="True"/>
            </Debugging>
            <LinkSmart Value="True"/>
            <Options>
              <Win32>
                <GraphicApplication Value="False"/>
              </Win32>
            </Options>
          </Linking>
          <Other>
            <CustomOptions Value="-dEH_NO_VERSION -dNX_EXCEPTION_LOG_IN_APP_FOLDER -dRELEASE"/>
          </Other>
        </CompilerOptions>
      </Item2>
      <Item3 Name="Debug">
        <CompilerOptions>
          <Version Value="11"/>
          <PathDelim Value="\"/>
          <Target>
            <Filename Value=".\Build\BSArch"/>
          </Target>
          <SearchPaths>
            <IncludeFiles Value="$(ProjOutDir);.\External\libdeflate-pas;.\External\lz4-delphi;.\Core;.\BSArch"/>
            <OtherUnitFiles Value=".\External\libdeflate-pas;.\External\lz4-delphi;.\Core;.\BSArch"/>
            <UnitOutputDirectory Value="lib\$(TargetCPU)-$(TargetOS)"/>
          </SearchPaths>
          <Parsing>
            <SyntaxOptions>
              <SyntaxMode Value="Delphi"/>
            </SyntaxOptions>
          </Parsing>
          <CodeGeneration>
            <SmartLinkUnit Value="True"/>
            <TargetCPU Value="x86_64"/>
            <TargetOS Value="win64"/>
            <Optimizations>
              <OptimizationLevel Value="3"/>
            </Optimizations>
          </CodeGeneration>
          <Linking>
            <Debugging>
              <GenerateDebugInfo Value="True"/>
              <UseLineInfoUnit Value="True"/>
              <StripSymbols Value="True"/>
            </Debugging>
            <LinkSmart Value="True"/>
            <Options>
              <Win32>
                <GraphicApplication Value="False"/>
              </Win32>
            </Options>
          </Linking>
          <Other>
            <CustomOptions Value="-dEH_NO_VERSION -dNX_EXCEPTION_LOG_IN_APP_FOLDER -dDEBUG"/>
          </Other>
        </CompilerOptions>
      </Item3>
      <Item4 Name="LiteDebug">
        <CompilerOptions>
          <Version Value="11"/>
          <PathDelim Value="\"/>
          <Target>
            <Filename Value=".\Build\BSArch"/>
          </Target>
          <SearchPaths>
            <IncludeFiles Value="$(ProjOutDir);.\External\libdeflate-pas;.\External\lz4-delphi;.\Core;.\BSArch"/>
            <OtherUnitFiles Value=".\External\libdeflate-pas;.\External\lz4-delphi;.\Core;.\BSArch"/>
            <UnitOutputDirectory Value="lib\$(TargetCPU)-$(TargetOS)"/>
          </SearchPaths>
          <Parsing>
            <SyntaxOptions>
              <SyntaxMode Value="Delphi"/>
            </SyntaxOptions>
          </Parsing>
          <CodeGeneration>
            <SmartLinkUnit Value="True"/>
            <TargetCPU Value="x86_64"/>
            <TargetOS Value="win64"/>
            <Optimizations>
              <OptimizationLevel Value="0"/>
            </Optimizations>
          </CodeGeneration>
          <Linking>
            <Debugging>
              <GenerateDebugInfo Value="True"/>
              <UseLineInfoUnit Value="True"/>
            </Debugging>
            <LinkSmart Value="True"/>
            <Options>
              <Win32>
                <GraphicApplication Value="False"/>
              </Win32>
            </Options>
          </Linking>
          <Other>
            <CustomOptions Value="-dEH_NO_VERSION -dNX_EXCEPTION_LOG_IN_APP_FOLDER"/>
          </Other>
        </CompilerOptions>
      </Item4>
    </BuildModes>
    <RequiredPackages Count="1">
      <Item1>
        <PackageName Value="FCL"/>
      </Item1>
    </RequiredPackages>
    <Units Count="7">
      <Unit0>
        <Filename Value="BSArch.lpr"/>
        <IsPartOfProject Value="True"/>
      </Unit0>
      <Unit1>
        <Filename Value="Core\wbBSArchive.pas"/>
        <IsPartOfProject Value="True"/>
        <UnitName Value="wbBSArchive"/>
      </Unit1>
      <Unit2>
        <Filename Value="Core\wbCommandLine.pas"/>
        <IsPartOfProject Value="True"/>
        <UnitName Value="wbCommandLine"/>
      </Unit2>
      <Unit3>
        <Filename Value="Core\wbCompression.pas"/>
        <IsPartOfProject Value="True"/>
        <UnitName Value="wbCompression"/>
      </Unit3>
      <Unit4>
        <Filename Value="Core\wbDDS.pas"/>
        <IsPartOfProject Value="True"/>
        <UnitName Value="wbDDS"/>
      </Unit4>
      <Unit5>
        <Filename Value="Core\wbHash.pas"/>
        <IsPartOfProject Value="True"/>
        <UnitName Value="wbHash"/>
      </Unit5>
      <Unit6>
        <Filename Value="Core\wbStreams.pas"/>
        <IsPartOfProject Value="True"/>
        <UnitName Value="wbStreams"/>
      </Unit6>
    </Units>
  </ProjectOptions>
  <CompilerOptions>
    <Version Value="11"/>
    <PathDelim Value="\"/>
    <Target>
      <Filename Value=".\Build\BSArch"/>
    </Target>
    <SearchPaths>
      <IncludeFiles Value="$(ProjOutDir);.\External\libdeflate-pas;.\External\lz4-delphi;.\Core;.\BSArch"/>
      <OtherUnitFiles Value=".\External\libdeflate-pas;.\External\lz4-delphi;.\Core;.\BSArch"/>
      <UnitOutputDirectory Value="lib\$(TargetCPU)-$(TargetOS)"/>
    </SearchPaths>
    <Parsing>
      <SyntaxOptions>
        <SyntaxMode Value="Delphi"/>
      </SyntaxOptions>
    </Parsing>
    <CodeGeneration>
      <TargetCPU Value="x86_64"/>
      <TargetOS Value="win64"/>
    </CodeGeneration>
    <Linking>
      <Options>
        <Win32>
          <GraphicApplication Value="False"/>
        </Win32>
      </Options>
    </Linking>
    <Other>
      <CustomOptions Value="-dEH_NO_VERSION -dNX_EXCEPTION_LOG_IN_APP_FOLDER"/>
    </Other>
  </CompilerOptions>
</CONFIG>